
Microsoft Visual Studio Solution File, Format Version 12.00
# Visual Studio 2013
VisualStudioVersion = 12.0.21005.1
MinimumVisualStudioVersion = 10.0.40219.1
Project("{FAE04EC0-301F-11D3-BF4B-00C04F79EFBC}") = "GameServerTester", "GameServerTester\GameServerTester.csproj", "{B37C5FDE-F4A8-439E-B793-E4FD67FF31F0}"
EndProject
Project("{FAE04EC0-301F-11D3-BF4B-00C04F79EFBC}") = "GameServerService", "GameServerService\GameServerService.csproj", "{B46B6AC7-275B-4B99-8E10-C9836036BAD4}"
EndProject
Project("{FAE04EC0-301F-11D3-BF4B-00C04F79EFBC}") = "GameServer", "GameServer\GameServer.csproj", "{B6F1B51C-9FE7-4981-96CB-886CF57E8BFD}"
EndProject
Global
	GlobalSection(SolutionConfigurationPlatforms) = preSolution
		Debug|Any CPU = Debug|Any CPU
		Release|Any CPU = Release|Any CPU
	EndGlobalSection
	GlobalSection(ProjectConfigurationPlatforms) = postSolution
		{B37C5FDE-F4A8-439E-B793-E4FD67FF31F0}.Debug|Any CPU.ActiveCfg = Debug|Any CPU
		{B37C5FDE-F4A8-439E-B793-E4FD67FF31F0}.Debug|Any CPU.Build.0 = Debug|Any CPU
		{B37C5FDE-F4A8-439E-B793-E4FD67FF31F0}.Release|Any CPU.ActiveCfg = Release|Any CPU
		{B37C5FDE-F4A8-439E-B793-E4FD67FF31F0}.Release|Any CPU.Build.0 = Release|Any CPU
		{B46B6AC7-275B-4B99-8E10-C9836036BAD4}.Debug|Any CPU.ActiveCfg = Debug|Any CPU
		{B46B6AC7-275B-4B99-8E10-C9836036BAD4}.Debug|Any CPU.Build.0 = Debug|Any CPU
		{B46B6AC7-275B-4B99-8E10-C9836036BAD4}.Release|Any CPU.ActiveCfg = Release|Any CPU
		{B46B6AC7-275B-4B99-8E10-C9836036BAD4}.Release|Any CPU.Build.0 = Release|Any CPU
		{B6F1B51C-9FE7-4981-96CB-886CF57E8BFD}.Debug|Any CPU.ActiveCfg = Debug|Any CPU
		{B6F1B51C-9FE7-4981-96CB-886CF57E8BFD}.Debug|Any CPU.Build.0 = Debug|Any CPU
		{B6F1B51C-9FE7-4981-96CB-886CF57E8BFD}.Release|Any CPU.ActiveCfg = Release|Any CPU
		{B6F1B51C-9FE7-4981-96CB-886CF57E8BFD}.Release|Any CPU.Build.0 = Release|Any CPU
	EndGlobalSection
	GlobalSection(SolutionProperties) = preSolution
		HideSolutionNode = FALSE
	EndGlobalSection
EndGlobal
